
Microsoft Visual Studio Solution File, Format Version 12.00
# Visual Studio Version 17
VisualStudioVersion = 17.14.36603.0
MinimumVisualStudioVersion = 10.0.40219.1
Project("{FAE04EC0-301F-11D3-BF4B-00C04F79EFBC}") = "cwiczenia", "cwiczenia\cwiczenia.csproj", "{B5BD7CCA-946C-4B2B-B9E3-215C45FDFD66}"
EndProject
Project("{FAE04EC0-301F-11D3-BF4B-00C04F79EFBC}") = "Cw1.1", "Cw1.1\Cw1.1.csproj", "{9694C7BF-2A44-4081-ACF7-C3A60B017358}"
EndProject
Project("{FAE04EC0-301F-11D3-BF4B-00C04F79EFBC}") = "Cw1.2", "Cw1.2\Cw1.2.csproj", "{FEB20CE6-A45F-427E-B684-4184D8403FF1}"
EndProject
Project("{FAE04EC0-301F-11D3-BF4B-00C04F79EFBC}") = "Cw1.3", "Cw1.3\Cw1.3.csproj", "{5F08E95D-B928-4177-B01D-4203760AABA2}"
EndProject
Project("{FAE04EC0-301F-11D3-BF4B-00C04F79EFBC}") = "Cw1.4", "Cw1.4\Cw1.4.csproj", "{C6E60F67-086E-444F-870D-29869C65E3F7}"
EndProject
Project("{FAE04EC0-301F-11D3-BF4B-00C04F79EFBC}") = "Cw1.5Cw1.6", "Cw1.5\Cw1.5Cw1.6.csproj", "{6404C22A-B8F1-4EC6-8316-76114B04EBE3}"
EndProject
Project("{FAE04EC0-301F-11D3-BF4B-00C04F79EFBC}") = "Cw1.7", "Cw1.6\Cw1.7.csproj", "{B2D19843-1BA8-42E8-A7CB-50541770F423}"
EndProject
Project("{FAE04EC0-301F-11D3-BF4B-00C04F79EFBC}") = "Cw1.8", "Cw1.7\Cw1.8.csproj", "{DE3FC635-6EC2-4BDC-89E7-11B0B0D9C728}"
EndProject
Project("{FAE04EC0-301F-11D3-BF4B-00C04F79EFBC}") = "Cw1.9", "Cw1.9\Cw1.9.csproj", "{8F3CF3CF-9851-4FA2-A11C-5BF963EA9001}"
EndProject
Project("{FAE04EC0-301F-11D3-BF4B-00C04F79EFBC}") = "Cw1.10", "Cw1.10\Cw1.10.csproj", "{8B7066F9-61D0-45A4-A517-A1CFCCD8F389}"
EndProject
Project("{FAE04EC0-301F-11D3-BF4B-00C04F79EFBC}") = "Cw1.11", "Cw1.11\Cw1.11.csproj", "{D3381D4A-1E95-4324-B1D8-8C6872C0044F}"
EndProject
Project("{FAE04EC0-301F-11D3-BF4B-00C04F79EFBC}") = "Cw1.12", "Cw1.12\Cw1.12.csproj", "{C3EE1041-6DA1-4AE7-96BF-C2F5E4EC9766}"
EndProject
Project("{FAE04EC0-301F-11D3-BF4B-00C04F79EFBC}") = "Cw1.13", "Cw1.13\Cw1.13.csproj", "{EA5BDBA0-7417-4F58-ACF7-C323AFB6A75F}"
EndProject
Project("{FAE04EC0-301F-11D3-BF4B-00C04F79EFBC}") = "Cw1.14", "Cw1.14\Cw1.14.csproj", "{161CB7B6-753B-4FCC-9795-1F2F093A5F76}"
EndProject
Project("{FAE04EC0-301F-11D3-BF4B-00C04F79EFBC}") = "Cw1.15", "Cw1.15\Cw1.15.csproj", "{51D1BD00-B1F5-4092-8A28-318723068BD2}"
EndProject
Project("{FAE04EC0-301F-11D3-BF4B-00C04F79EFBC}") = "Cw1.16", "Cw1.16\Cw1.16.csproj", "{E7F210FF-2852-4D2A-B7CC-34CB45E5A1D0}"
EndProject
Project("{FAE04EC0-301F-11D3-BF4B-00C04F79EFBC}") = "Cw1.17", "Cw1.17\Cw1.17.csproj", "{F61ADFC7-41D9-45A8-AF21-C793479FE10B}"
EndProject
Project("{FAE04EC0-301F-11D3-BF4B-00C04F79EFBC}") = "Cw1.18", "Cw1.18\Cw1.18.csproj", "{05127BF3-BCD9-4180-B2BD-F23D0FC0911F}"
EndProject
Project("{2150E333-8FDC-42A3-9474-1A3956D46DE8}") = "lab1", "lab1", "{02EA681E-C7D8-13C7-8484-4AC65E1B71E8}"
EndProject
Project("{2150E333-8FDC-42A3-9474-1A3956D46DE8}") = "lab2", "lab2", "{6BC92A96-935B-4F3E-B1E7-F25418DCCFEB}"
EndProject
Project("{FAE04EC0-301F-11D3-BF4B-00C04F79EFBC}") = "Cw2.1", "Cw2.1\Cw2.1.csproj", "{2A975490-0753-41EA-B938-7A4A4B7FDA4B}"
EndProject
Project("{FAE04EC0-301F-11D3-BF4B-00C04F79EFBC}") = "Cw2.2", "Cw2.2\Cw2.2.csproj", "{8D4DCB40-4AEB-452D-A19D-FF3EE8D0028D}"
EndProject
Project("{FAE04EC0-301F-11D3-BF4B-00C04F79EFBC}") = "Cw2.3", "Cw2.3\Cw2.3.csproj", "{15C8BE14-B4DB-4A30-878E-4A8A2EA35048}"
EndProject
Project("{FAE04EC0-301F-11D3-BF4B-00C04F79EFBC}") = "Cw2.4", "Cw2.4\Cw2.4.csproj", "{E5C45127-E091-476B-8596-5062110AEA6F}"
EndProject
Project("{FAE04EC0-301F-11D3-BF4B-00C04F79EFBC}") = "Cw2.5", "Cw2.5\Cw2.5.csproj", "{60D2B372-A133-4AC9-8E18-4157C90D7099}"
EndProject
Project("{FAE04EC0-301F-11D3-BF4B-00C04F79EFBC}") = "Cw2.6", "Cw2.6\Cw2.6.csproj", "{CF9C4884-4049-4D1C-9709-D56F1C2988B6}"
EndProject
Project("{FAE04EC0-301F-11D3-BF4B-00C04F79EFBC}") = "Cw2.7", "Cw2.7\Cw2.7.csproj", "{4A9BFF3C-DA04-4939-81A2-5BDFBD53704D}"
EndProject
Project("{FAE04EC0-301F-11D3-BF4B-00C04F79EFBC}") = "Cw2.8", "Cw2.8\Cw2.8.csproj", "{9DA1C039-7FA7-45B0-B4FA-35203D96E499}"
EndProject
Project("{FAE04EC0-301F-11D3-BF4B-00C04F79EFBC}") = "Cw2.9", "Cw2.9\Cw2.9.csproj", "{7F33DF95-2346-4E92-B186-480F968A64B8}"
EndProject
Project("{FAE04EC0-301F-11D3-BF4B-00C04F79EFBC}") = "Cw2.10", "Cw2.10\Cw2.10.csproj", "{4351C06C-772E-49EC-9C9A-3C95982C82A6}"
EndProject
Project("{FAE04EC0-301F-11D3-BF4B-00C04F79EFBC}") = "Cw2.11", "Cw2.11\Cw2.11.csproj", "{82792DFA-131A-4CB8-8CE6-5D4596EE9027}"
EndProject
Global
	GlobalSection(SolutionConfigurationPlatforms) = preSolution
		Debug|Any CPU = Debug|Any CPU
		Release|Any CPU = Release|Any CPU
	EndGlobalSection
	GlobalSection(ProjectConfigurationPlatforms) = postSolution
		{B5BD7CCA-946C-4B2B-B9E3-215C45FDFD66}.Debug|Any CPU.ActiveCfg = Debug|Any CPU
		{B5BD7CCA-946C-4B2B-B9E3-215C45FDFD66}.Debug|Any CPU.Build.0 = Debug|Any CPU
		{B5BD7CCA-946C-4B2B-B9E3-215C45FDFD66}.Release|Any CPU.ActiveCfg = Release|Any CPU
		{B5BD7CCA-946C-4B2B-B9E3-215C45FDFD66}.Release|Any CPU.Build.0 = Release|Any CPU
		{9694C7BF-2A44-4081-ACF7-C3A60B017358}.Debug|Any CPU.ActiveCfg = Debug|Any CPU
		{9694C7BF-2A44-4081-ACF7-C3A60B017358}.Debug|Any CPU.Build.0 = Debug|Any CPU
		{9694C7BF-2A44-4081-ACF7-C3A60B017358}.Release|Any CPU.ActiveCfg = Release|Any CPU
		{9694C7BF-2A44-4081-ACF7-C3A60B017358}.Release|Any CPU.Build.0 = Release|Any CPU
		{FEB20CE6-A45F-427E-B684-4184D8403FF1}.Debug|Any CPU.ActiveCfg = Debug|Any CPU
		{FEB20CE6-A45F-427E-B684-4184D8403FF1}.Debug|Any CPU.Build.0 = Debug|Any CPU
		{FEB20CE6-A45F-427E-B684-4184D8403FF1}.Release|Any CPU.ActiveCfg = Release|Any CPU
		{FEB20CE6-A45F-427E-B684-4184D8403FF1}.Release|Any CPU.Build.0 = Release|Any CPU
		{5F08E95D-B928-4177-B01D-4203760AABA2}.Debug|Any CPU.ActiveCfg = Debug|Any CPU
		{5F08E95D-B928-4177-B01D-4203760AABA2}.Debug|Any CPU.Build.0 = Debug|Any CPU
		{5F08E95D-B928-4177-B01D-4203760AABA2}.Release|Any CPU.ActiveCfg = Release|Any CPU
		{5F08E95D-B928-4177-B01D-4203760AABA2}.Release|Any CPU.Build.0 = Release|Any CPU
		{C6E60F67-086E-444F-870D-29869C65E3F7}.Debug|Any CPU.ActiveCfg = Debug|Any CPU
		{C6E60F67-086E-444F-870D-29869C65E3F7}.Debug|Any CPU.Build.0 = Debug|Any CPU
		{C6E60F67-086E-444F-870D-29869C65E3F7}.Release|Any CPU.ActiveCfg = Release|Any CPU
		{C6E60F67-086E-444F-870D-29869C65E3F7}.Release|Any CPU.Build.0 = Release|Any CPU
		{6404C22A-B8F1-4EC6-8316-76114B04EBE3}.Debug|Any CPU.ActiveCfg = Debug|Any CPU
		{6404C22A-B8F1-4EC6-8316-76114B04EBE3}.Debug|Any CPU.Build.0 = Debug|Any CPU
		{6404C22A-B8F1-4EC6-8316-76114B04EBE3}.Release|Any CPU.ActiveCfg = Release|Any CPU
		{6404C22A-B8F1-4EC6-8316-76114B04EBE3}.Release|Any CPU.Build.0 = Release|Any CPU
		{B2D19843-1BA8-42E8-A7CB-50541770F423}.Debug|Any CPU.ActiveCfg = Debug|Any CPU
		{B2D19843-1BA8-42E8-A7CB-50541770F423}.Debug|Any CPU.Build.0 = Debug|Any CPU
		{B2D19843-1BA8-42E8-A7CB-50541770F423}.Release|Any CPU.ActiveCfg = Release|Any CPU
		{B2D19843-1BA8-42E8-A7CB-50541770F423}.Release|Any CPU.Build.0 = Release|Any CPU
		{DE3FC635-6EC2-4BDC-89E7-11B0B0D9C728}.Debug|Any CPU.ActiveCfg = Debug|Any CPU
		{DE3FC635-6EC2-4BDC-89E7-11B0B0D9C728}.Debug|Any CPU.Build.0 = Debug|Any CPU
		{DE3FC635-6EC2-4BDC-89E7-11B0B0D9C728}.Release|Any CPU.ActiveCfg = Release|Any CPU
		{DE3FC635-6EC2-4BDC-89E7-11B0B0D9C728}.Release|Any CPU.Build.0 = Release|Any CPU
		{8F3CF3CF-9851-4FA2-A11C-5BF963EA9001}.Debug|Any CPU.ActiveCfg = Debug|Any CPU
		{8F3CF3CF-9851-4FA2-A11C-5BF963EA9001}.Debug|Any CPU.Build.0 = Debug|Any CPU
		{8F3CF3CF-9851-4FA2-A11C-5BF963EA9001}.Release|Any CPU.ActiveCfg = Release|Any CPU
		{8F3CF3CF-9851-4FA2-A11C-5BF963EA9001}.Release|Any CPU.Build.0 = Release|Any CPU
		{8B7066F9-61D0-45A4-A517-A1CFCCD8F389}.Debug|Any CPU.ActiveCfg = Debug|Any CPU
		{8B7066F9-61D0-45A4-A517-A1CFCCD8F389}.Debug|Any CPU.Build.0 = Debug|Any CPU
		{8B7066F9-61D0-45A4-A517-A1CFCCD8F389}.Release|Any CPU.ActiveCfg = Release|Any CPU
		{8B7066F9-61D0-45A4-A517-A1CFCCD8F389}.Release|Any CPU.Build.0 = Release|Any CPU
		{D3381D4A-1E95-4324-B1D8-8C6872C0044F}.Debug|Any CPU.ActiveCfg = Debug|Any CPU
		{D3381D4A-1E95-4324-B1D8-8C6872C0044F}.Debug|Any CPU.Build.0 = Debug|Any CPU
		{D3381D4A-1E95-4324-B1D8-8C6872C0044F}.Release|Any CPU.ActiveCfg = Release|Any CPU
		{D3381D4A-1E95-4324-B1D8-8C6872C0044F}.Release|Any CPU.Build.0 = Release|Any CPU
		{C3EE1041-6DA1-4AE7-96BF-C2F5E4EC9766}.Debug|Any CPU.ActiveCfg = Debug|Any CPU
		{C3EE1041-6DA1-4AE7-96BF-C2F5E4EC9766}.Debug|Any CPU.Build.0 = Debug|Any CPU
		{C3EE1041-6DA1-4AE7-96BF-C2F5E4EC9766}.Release|Any CPU.ActiveCfg = Release|Any CPU
		{C3EE1041-6DA1-4AE7-96BF-C2F5E4EC9766}.Release|Any CPU.Build.0 = Release|Any CPU
		{EA5BDBA0-7417-4F58-ACF7-C323AFB6A75F}.Debug|Any CPU.ActiveCfg = Debug|Any CPU
		{EA5BDBA0-7417-4F58-ACF7-C323AFB6A75F}.Debug|Any CPU.Build.0 = Debug|Any CPU
		{EA5BDBA0-7417-4F58-ACF7-C323AFB6A75F}.Release|Any CPU.ActiveCfg = Release|Any CPU
		{EA5BDBA0-7417-4F58-ACF7-C323AFB6A75F}.Release|Any CPU.Build.0 = Release|Any CPU
		{161CB7B6-753B-4FCC-9795-1F2F093A5F76}.Debug|Any CPU.ActiveCfg = Debug|Any CPU
		{161CB7B6-753B-4FCC-9795-1F2F093A5F76}.Debug|Any CPU.Build.0 = Debug|Any CPU
		{161CB7B6-753B-4FCC-9795-1F2F093A5F76}.Release|Any CPU.ActiveCfg = Release|Any CPU
		{161CB7B6-753B-4FCC-9795-1F2F093A5F76}.Release|Any CPU.Build.0 = Release|Any CPU
		{51D1BD00-B1F5-4092-8A28-318723068BD2}.Debug|Any CPU.ActiveCfg = Debug|Any CPU
		{51D1BD00-B1F5-4092-8A28-318723068BD2}.Debug|Any CPU.Build.0 = Debug|Any CPU
		{51D1BD00-B1F5-4092-8A28-318723068BD2}.Release|Any CPU.ActiveCfg = Release|Any CPU
		{51D1BD00-B1F5-4092-8A28-318723068BD2}.Release|Any CPU.Build.0 = Release|Any CPU
		{E7F210FF-2852-4D2A-B7CC-34CB45E5A1D0}.Debug|Any CPU.ActiveCfg = Debug|Any CPU
		{E7F210FF-2852-4D2A-B7CC-34CB45E5A1D0}.Debug|Any CPU.Build.0 = Debug|Any CPU
		{E7F210FF-2852-4D2A-B7CC-34CB45E5A1D0}.Release|Any CPU.ActiveCfg = Release|Any CPU
		{E7F210FF-2852-4D2A-B7CC-34CB45E5A1D0}.Release|Any CPU.Build.0 = Release|Any CPU
		{F61ADFC7-41D9-45A8-AF21-C793479FE10B}.Debug|Any CPU.ActiveCfg = Debug|Any CPU
		{F61ADFC7-41D9-45A8-AF21-C793479FE10B}.Debug|Any CPU.Build.0 = Debug|Any CPU
		{F61ADFC7-41D9-45A8-AF21-C793479FE10B}.Release|Any CPU.ActiveCfg = Release|Any CPU
		{F61ADFC7-41D9-45A8-AF21-C793479FE10B}.Release|Any CPU.Build.0 = Release|Any CPU
		{05127BF3-BCD9-4180-B2BD-F23D0FC0911F}.Debug|Any CPU.ActiveCfg = Debug|Any CPU
		{05127BF3-BCD9-4180-B2BD-F23D0FC0911F}.Debug|Any CPU.Build.0 = Debug|Any CPU
		{05127BF3-BCD9-4180-B2BD-F23D0FC0911F}.Release|Any CPU.ActiveCfg = Release|Any CPU
		{05127BF3-BCD9-4180-B2BD-F23D0FC0911F}.Release|Any CPU.Build.0 = Release|Any CPU
		{2A975490-0753-41EA-B938-7A4A4B7FDA4B}.Debug|Any CPU.ActiveCfg = Debug|Any CPU
		{2A975490-0753-41EA-B938-7A4A4B7FDA4B}.Debug|Any CPU.Build.0 = Debug|Any CPU
		{2A975490-0753-41EA-B938-7A4A4B7FDA4B}.Release|Any CPU.ActiveCfg = Release|Any CPU
		{2A975490-0753-41EA-B938-7A4A4B7FDA4B}.Release|Any CPU.Build.0 = Release|Any CPU
		{8D4DCB40-4AEB-452D-A19D-FF3EE8D0028D}.Debug|Any CPU.ActiveCfg = Debug|Any CPU
		{8D4DCB40-4AEB-452D-A19D-FF3EE8D0028D}.Debug|Any CPU.Build.0 = Debug|Any CPU
		{8D4DCB40-4AEB-452D-A19D-FF3EE8D0028D}.Release|Any CPU.ActiveCfg = Release|Any CPU
		{8D4DCB40-4AEB-452D-A19D-FF3EE8D0028D}.Release|Any CPU.Build.0 = Release|Any CPU
		{15C8BE14-B4DB-4A30-878E-4A8A2EA35048}.Debug|Any CPU.ActiveCfg = Debug|Any CPU
		{15C8BE14-B4DB-4A30-878E-4A8A2EA35048}.Debug|Any CPU.Build.0 = Debug|Any CPU
		{15C8BE14-B4DB-4A30-878E-4A8A2EA35048}.Release|Any CPU.ActiveCfg = Release|Any CPU
		{15C8BE14-B4DB-4A30-878E-4A8A2EA35048}.Release|Any CPU.Build.0 = Release|Any CPU
		{E5C45127-E091-476B-8596-5062110AEA6F}.Debug|Any CPU.ActiveCfg = Debug|Any CPU
		{E5C45127-E091-476B-8596-5062110AEA6F}.Debug|Any CPU.Build.0 = Debug|Any CPU
		{E5C45127-E091-476B-8596-5062110AEA6F}.Release|Any CPU.ActiveCfg = Release|Any CPU
		{E5C45127-E091-476B-8596-5062110AEA6F}.Release|Any CPU.Build.0 = Release|Any CPU
		{60D2B372-A133-4AC9-8E18-4157C90D7099}.Debug|Any CPU.ActiveCfg = Debug|Any CPU
		{60D2B372-A133-4AC9-8E18-4157C90D7099}.Debug|Any CPU.Build.0 = Debug|Any CPU
		{60D2B372-A133-4AC9-8E18-4157C90D7099}.Release|Any CPU.ActiveCfg = Release|Any CPU
		{60D2B372-A133-4AC9-8E18-4157C90D7099}.Release|Any CPU.Build.0 = Release|Any CPU
		{CF9C4884-4049-4D1C-9709-D56F1C2988B6}.Debug|Any CPU.ActiveCfg = Debug|Any CPU
		{CF9C4884-4049-4D1C-9709-D56F1C2988B6}.Debug|Any CPU.Build.0 = Debug|Any CPU
		{CF9C4884-4049-4D1C-9709-D56F1C2988B6}.Release|Any CPU.ActiveCfg = Release|Any CPU
		{CF9C4884-4049-4D1C-9709-D56F1C2988B6}.Release|Any CPU.Build.0 = Release|Any CPU
		{4A9BFF3C-DA04-4939-81A2-5BDFBD53704D}.Debug|Any CPU.ActiveCfg = Debug|Any CPU
		{4A9BFF3C-DA04-4939-81A2-5BDFBD53704D}.Debug|Any CPU.Build.0 = Debug|Any CPU
		{4A9BFF3C-DA04-4939-81A2-5BDFBD53704D}.Release|Any CPU.ActiveCfg = Release|Any CPU
		{4A9BFF3C-DA04-4939-81A2-5BDFBD53704D}.Release|Any CPU.Build.0 = Release|Any CPU
		{9DA1C039-7FA7-45B0-B4FA-35203D96E499}.Debug|Any CPU.ActiveCfg = Debug|Any CPU
		{9DA1C039-7FA7-45B0-B4FA-35203D96E499}.Debug|Any CPU.Build.0 = Debug|Any CPU
		{9DA1C039-7FA7-45B0-B4FA-35203D96E499}.Release|Any CPU.ActiveCfg = Release|Any CPU
		{9DA1C039-7FA7-45B0-B4FA-35203D96E499}.Release|Any CPU.Build.0 = Release|Any CPU
		{7F33DF95-2346-4E92-B186-480F968A64B8}.Debug|Any CPU.ActiveCfg = Debug|Any CPU
		{7F33DF95-2346-4E92-B186-480F968A64B8}.Debug|Any CPU.Build.0 = Debug|Any CPU
		{7F33DF95-2346-4E92-B186-480F968A64B8}.Release|Any CPU.ActiveCfg = Release|Any CPU
		{7F33DF95-2346-4E92-B186-480F968A64B8}.Release|Any CPU.Build.0 = Release|Any CPU
		{4351C06C-772E-49EC-9C9A-3C95982C82A6}.Debug|Any CPU.ActiveCfg = Debug|Any CPU
		{4351C06C-772E-49EC-9C9A-3C95982C82A6}.Debug|Any CPU.Build.0 = Debug|Any CPU
		{4351C06C-772E-49EC-9C9A-3C95982C82A6}.Release|Any CPU.ActiveCfg = Release|Any CPU
		{4351C06C-772E-49EC-9C9A-3C95982C82A6}.Release|Any CPU.Build.0 = Release|Any CPU
		{82792DFA-131A-4CB8-8CE6-5D4596EE9027}.Debug|Any CPU.ActiveCfg = Debug|Any CPU
		{82792DFA-131A-4CB8-8CE6-5D4596EE9027}.Debug|Any CPU.Build.0 = Debug|Any CPU
		{82792DFA-131A-4CB8-8CE6-5D4596EE9027}.Release|Any CPU.ActiveCfg = Release|Any CPU
		{82792DFA-131A-4CB8-8CE6-5D4596EE9027}.Release|Any CPU.Build.0 = Release|Any CPU
	EndGlobalSection
	GlobalSection(SolutionProperties) = preSolution
		HideSolutionNode = FALSE
	EndGlobalSection
	GlobalSection(NestedProjects) = preSolution
		{9694C7BF-2A44-4081-ACF7-C3A60B017358} = {02EA681E-C7D8-13C7-8484-4AC65E1B71E8}
		{FEB20CE6-A45F-427E-B684-4184D8403FF1} = {02EA681E-C7D8-13C7-8484-4AC65E1B71E8}
		{5F08E95D-B928-4177-B01D-4203760AABA2} = {02EA681E-C7D8-13C7-8484-4AC65E1B71E8}
		{C6E60F67-086E-444F-870D-29869C65E3F7} = {02EA681E-C7D8-13C7-8484-4AC65E1B71E8}
		{6404C22A-B8F1-4EC6-8316-76114B04EBE3} = {02EA681E-C7D8-13C7-8484-4AC65E1B71E8}
		{B2D19843-1BA8-42E8-A7CB-50541770F423} = {02EA681E-C7D8-13C7-8484-4AC65E1B71E8}
		{DE3FC635-6EC2-4BDC-89E7-11B0B0D9C728} = {02EA681E-C7D8-13C7-8484-4AC65E1B71E8}
		{8F3CF3CF-9851-4FA2-A11C-5BF963EA9001} = {02EA681E-C7D8-13C7-8484-4AC65E1B71E8}
		{8B7066F9-61D0-45A4-A517-A1CFCCD8F389} = {02EA681E-C7D8-13C7-8484-4AC65E1B71E8}
		{D3381D4A-1E95-4324-B1D8-8C6872C0044F} = {02EA681E-C7D8-13C7-8484-4AC65E1B71E8}
		{C3EE1041-6DA1-4AE7-96BF-C2F5E4EC9766} = {02EA681E-C7D8-13C7-8484-4AC65E1B71E8}
		{EA5BDBA0-7417-4F58-ACF7-C323AFB6A75F} = {02EA681E-C7D8-13C7-8484-4AC65E1B71E8}
		{161CB7B6-753B-4FCC-9795-1F2F093A5F76} = {02EA681E-C7D8-13C7-8484-4AC65E1B71E8}
		{51D1BD00-B1F5-4092-8A28-318723068BD2} = {02EA681E-C7D8-13C7-8484-4AC65E1B71E8}
		{E7F210FF-2852-4D2A-B7CC-34CB45E5A1D0} = {02EA681E-C7D8-13C7-8484-4AC65E1B71E8}
		{F61ADFC7-41D9-45A8-AF21-C793479FE10B} = {02EA681E-C7D8-13C7-8484-4AC65E1B71E8}
		{05127BF3-BCD9-4180-B2BD-F23D0FC0911F} = {02EA681E-C7D8-13C7-8484-4AC65E1B71E8}
		{2A975490-0753-41EA-B938-7A4A4B7FDA4B} = {6BC92A96-935B-4F3E-B1E7-F25418DCCFEB}
		{8D4DCB40-4AEB-452D-A19D-FF3EE8D0028D} = {6BC92A96-935B-4F3E-B1E7-F25418DCCFEB}
		{15C8BE14-B4DB-4A30-878E-4A8A2EA35048} = {6BC92A96-935B-4F3E-B1E7-F25418DCCFEB}
		{E5C45127-E091-476B-8596-5062110AEA6F} = {6BC92A96-935B-4F3E-B1E7-F25418DCCFEB}
		{60D2B372-A133-4AC9-8E18-4157C90D7099} = {6BC92A96-935B-4F3E-B1E7-F25418DCCFEB}
		{CF9C4884-4049-4D1C-9709-D56F1C2988B6} = {6BC92A96-935B-4F3E-B1E7-F25418DCCFEB}
		{4A9BFF3C-DA04-4939-81A2-5BDFBD53704D} = {6BC92A96-935B-4F3E-B1E7-F25418DCCFEB}
		{9DA1C039-7FA7-45B0-B4FA-35203D96E499} = {6BC92A96-935B-4F3E-B1E7-F25418DCCFEB}
		{7F33DF95-2346-4E92-B186-480F968A64B8} = {6BC92A96-935B-4F3E-B1E7-F25418DCCFEB}
		{4351C06C-772E-49EC-9C9A-3C95982C82A6} = {6BC92A96-935B-4F3E-B1E7-F25418DCCFEB}
		{82792DFA-131A-4CB8-8CE6-5D4596EE9027} = {6BC92A96-935B-4F3E-B1E7-F25418DCCFEB}
	EndGlobalSection
	GlobalSection(ExtensibilityGlobals) = postSolution
		SolutionGuid = {33367468-1E91-4B41-8C0A-590C7467C37D}
	EndGlobalSection
EndGlobal
