
Microsoft Visual Studio Solution File, Format Version 12.00
# Visual Studio Version 17
VisualStudioVersion = 17.14.36603.0
MinimumVisualStudioVersion = 10.0.40219.1
Project("{FAE04EC0-301F-11D3-BF4B-00C04F79EFBC}") = "cwiczenia", "cwiczenia\cwiczenia.csproj", "{B5BD7CCA-946C-4B2B-B9E3-215C45FDFD66}"
EndProject
Project("{FAE04EC0-301F-11D3-BF4B-00C04F79EFBC}") = "Cw1.1", "Cw1.1\Cw1.1.csproj", "{9694C7BF-2A44-4081-ACF7-C3A60B017358}"
EndProject
Project("{FAE04EC0-301F-11D3-BF4B-00C04F79EFBC}") = "Cw1.2", "Cw1.2\Cw1.2.csproj", "{FEB20CE6-A45F-427E-B684-4184D8403FF1}"
EndProject
Project("{FAE04EC0-301F-11D3-BF4B-00C04F79EFBC}") = "Cw1.3", "Cw1.3\Cw1.3.csproj", "{5F08E95D-B928-4177-B01D-4203760AABA2}"
EndProject
Project("{FAE04EC0-301F-11D3-BF4B-00C04F79EFBC}") = "Cw1.4", "Cw1.4\Cw1.4.csproj", "{C6E60F67-086E-444F-870D-29869C65E3F7}"
EndProject
Project("{FAE04EC0-301F-11D3-BF4B-00C04F79EFBC}") = "Cw1.5Cw1.6", "Cw1.5\Cw1.5Cw1.6.csproj", "{6404C22A-B8F1-4EC6-8316-76114B04EBE3}"
EndProject
Project("{FAE04EC0-301F-11D3-BF4B-00C04F79EFBC}") = "Cw1.7", "Cw1.6\Cw1.7.csproj", "{B2D19843-1BA8-42E8-A7CB-50541770F423}"
EndProject
Project("{FAE04EC0-301F-11D3-BF4B-00C04F79EFBC}") = "Cw1.8", "Cw1.7\Cw1.8.csproj", "{DE3FC635-6EC2-4BDC-89E7-11B0B0D9C728}"
EndProject
Project("{FAE04EC0-301F-11D3-BF4B-00C04F79EFBC}") = "Cw1.9", "Cw1.9\Cw1.9.csproj", "{8F3CF3CF-9851-4FA2-A11C-5BF963EA9001}"
EndProject
Project("{FAE04EC0-301F-11D3-BF4B-00C04F79EFBC}") = "Cw1.10", "Cw1.10\Cw1.10.csproj", "{8B7066F9-61D0-45A4-A517-A1CFCCD8F389}"
EndProject
Project("{FAE04EC0-301F-11D3-BF4B-00C04F79EFBC}") = "Cw1.11", "Cw1.11\Cw1.11.csproj", "{D3381D4A-1E95-4324-B1D8-8C6872C0044F}"
EndProject
Project("{FAE04EC0-301F-11D3-BF4B-00C04F79EFBC}") = "Cw1.12", "Cw1.12\Cw1.12.csproj", "{C3EE1041-6DA1-4AE7-96BF-C2F5E4EC9766}"
EndProject
Project("{FAE04EC0-301F-11D3-BF4B-00C04F79EFBC}") = "Cw1.13", "Cw1.13\Cw1.13.csproj", "{EA5BDBA0-7417-4F58-ACF7-C323AFB6A75F}"
EndProject
Project("{FAE04EC0-301F-11D3-BF4B-00C04F79EFBC}") = "Cw1.14", "Cw1.14\Cw1.14.csproj", "{161CB7B6-753B-4FCC-9795-1F2F093A5F76}"
EndProject
Project("{FAE04EC0-301F-11D3-BF4B-00C04F79EFBC}") = "Cw1.15", "Cw1.15\Cw1.15.csproj", "{51D1BD00-B1F5-4092-8A28-318723068BD2}"
EndProject
Project("{FAE04EC0-301F-11D3-BF4B-00C04F79EFBC}") = "Cw1.16", "Cw1.16\Cw1.16.csproj", "{E7F210FF-2852-4D2A-B7CC-34CB45E5A1D0}"
EndProject
Project("{FAE04EC0-301F-11D3-BF4B-00C04F79EFBC}") = "Cw1.17", "Cw1.17\Cw1.17.csproj", "{F61ADFC7-41D9-45A8-AF21-C793479FE10B}"
EndProject
Project("{FAE04EC0-301F-11D3-BF4B-00C04F79EFBC}") = "Cw1.18", "Cw1.18\Cw1.18.csproj", "{05127BF3-BCD9-4180-B2BD-F23D0FC0911F}"
EndProject
Global
	GlobalSection(SolutionConfigurationPlatforms) = preSolution
		Debug|Any CPU = Debug|Any CPU
		Release|Any CPU = Release|Any CPU
	EndGlobalSection
	GlobalSection(ProjectConfigurationPlatforms) = postSolution
		{B5BD7CCA-946C-4B2B-B9E3-215C45FDFD66}.Debug|Any CPU.ActiveCfg = Debug|Any CPU
		{B5BD7CCA-946C-4B2B-B9E3-215C45FDFD66}.Debug|Any CPU.Build.0 = Debug|Any CPU
		{B5BD7CCA-946C-4B2B-B9E3-215C45FDFD66}.Release|Any CPU.ActiveCfg = Release|Any CPU
		{B5BD7CCA-946C-4B2B-B9E3-215C45FDFD66}.Release|Any CPU.Build.0 = Release|Any CPU
		{9694C7BF-2A44-4081-ACF7-C3A60B017358}.Debug|Any CPU.ActiveCfg = Debug|Any CPU
		{9694C7BF-2A44-4081-ACF7-C3A60B017358}.Debug|Any CPU.Build.0 = Debug|Any CPU
		{9694C7BF-2A44-4081-ACF7-C3A60B017358}.Release|Any CPU.ActiveCfg = Release|Any CPU
		{9694C7BF-2A44-4081-ACF7-C3A60B017358}.Release|Any CPU.Build.0 = Release|Any CPU
		{FEB20CE6-A45F-427E-B684-4184D8403FF1}.Debug|Any CPU.ActiveCfg = Debug|Any CPU
		{FEB20CE6-A45F-427E-B684-4184D8403FF1}.Debug|Any CPU.Build.0 = Debug|Any CPU
		{FEB20CE6-A45F-427E-B684-4184D8403FF1}.Release|Any CPU.ActiveCfg = Release|Any CPU
		{FEB20CE6-A45F-427E-B684-4184D8403FF1}.Release|Any CPU.Build.0 = Release|Any CPU
		{5F08E95D-B928-4177-B01D-4203760AABA2}.Debug|Any CPU.ActiveCfg = Debug|Any CPU
		{5F08E95D-B928-4177-B01D-4203760AABA2}.Debug|Any CPU.Build.0 = Debug|Any CPU
		{5F08E95D-B928-4177-B01D-4203760AABA2}.Release|Any CPU.ActiveCfg = Release|Any CPU
		{5F08E95D-B928-4177-B01D-4203760AABA2}.Release|Any CPU.Build.0 = Release|Any CPU
		{C6E60F67-086E-444F-870D-29869C65E3F7}.Debug|Any CPU.ActiveCfg = Debug|Any CPU
		{C6E60F67-086E-444F-870D-29869C65E3F7}.Debug|Any CPU.Build.0 = Debug|Any CPU
		{C6E60F67-086E-444F-870D-29869C65E3F7}.Release|Any CPU.ActiveCfg = Release|Any CPU
		{C6E60F67-086E-444F-870D-29869C65E3F7}.Release|Any CPU.Build.0 = Release|Any CPU
		{6404C22A-B8F1-4EC6-8316-76114B04EBE3}.Debug|Any CPU.ActiveCfg = Debug|Any CPU
		{6404C22A-B8F1-4EC6-8316-76114B04EBE3}.Debug|Any CPU.Build.0 = Debug|Any CPU
		{6404C22A-B8F1-4EC6-8316-76114B04EBE3}.Release|Any CPU.ActiveCfg = Release|Any CPU
		{6404C22A-B8F1-4EC6-8316-76114B04EBE3}.Release|Any CPU.Build.0 = Release|Any CPU
		{B2D19843-1BA8-42E8-A7CB-50541770F423}.Debug|Any CPU.ActiveCfg = Debug|Any CPU
		{B2D19843-1BA8-42E8-A7CB-50541770F423}.Debug|Any CPU.Build.0 = Debug|Any CPU
		{B2D19843-1BA8-42E8-A7CB-50541770F423}.Release|Any CPU.ActiveCfg = Release|Any CPU
		{B2D19843-1BA8-42E8-A7CB-50541770F423}.Release|Any CPU.Build.0 = Release|Any CPU
		{DE3FC635-6EC2-4BDC-89E7-11B0B0D9C728}.Debug|Any CPU.ActiveCfg = Debug|Any CPU
		{DE3FC635-6EC2-4BDC-89E7-11B0B0D9C728}.Debug|Any CPU.Build.0 = Debug|Any CPU
		{DE3FC635-6EC2-4BDC-89E7-11B0B0D9C728}.Release|Any CPU.ActiveCfg = Release|Any CPU
		{DE3FC635-6EC2-4BDC-89E7-11B0B0D9C728}.Release|Any CPU.Build.0 = Release|Any CPU
		{8F3CF3CF-9851-4FA2-A11C-5BF963EA9001}.Debug|Any CPU.ActiveCfg = Debug|Any CPU
		{8F3CF3CF-9851-4FA2-A11C-5BF963EA9001}.Debug|Any CPU.Build.0 = Debug|Any CPU
		{8F3CF3CF-9851-4FA2-A11C-5BF963EA9001}.Release|Any CPU.ActiveCfg = Release|Any CPU
		{8F3CF3CF-9851-4FA2-A11C-5BF963EA9001}.Release|Any CPU.Build.0 = Release|Any CPU
		{8B7066F9-61D0-45A4-A517-A1CFCCD8F389}.Debug|Any CPU.ActiveCfg = Debug|Any CPU
		{8B7066F9-61D0-45A4-A517-A1CFCCD8F389}.Debug|Any CPU.Build.0 = Debug|Any CPU
		{8B7066F9-61D0-45A4-A517-A1CFCCD8F389}.Release|Any CPU.ActiveCfg = Release|Any CPU
		{8B7066F9-61D0-45A4-A517-A1CFCCD8F389}.Release|Any CPU.Build.0 = Release|Any CPU
		{D3381D4A-1E95-4324-B1D8-8C6872C0044F}.Debug|Any CPU.ActiveCfg = Debug|Any CPU
		{D3381D4A-1E95-4324-B1D8-8C6872C0044F}.Debug|Any CPU.Build.0 = Debug|Any CPU
		{D3381D4A-1E95-4324-B1D8-8C6872C0044F}.Release|Any CPU.ActiveCfg = Release|Any CPU
		{D3381D4A-1E95-4324-B1D8-8C6872C0044F}.Release|Any CPU.Build.0 = Release|Any CPU
		{C3EE1041-6DA1-4AE7-96BF-C2F5E4EC9766}.Debug|Any CPU.ActiveCfg = Debug|Any CPU
		{C3EE1041-6DA1-4AE7-96BF-C2F5E4EC9766}.Debug|Any CPU.Build.0 = Debug|Any CPU
		{C3EE1041-6DA1-4AE7-96BF-C2F5E4EC9766}.Release|Any CPU.ActiveCfg = Release|Any CPU
		{C3EE1041-6DA1-4AE7-96BF-C2F5E4EC9766}.Release|Any CPU.Build.0 = Release|Any CPU
		{EA5BDBA0-7417-4F58-ACF7-C323AFB6A75F}.Debug|Any CPU.ActiveCfg = Debug|Any CPU
		{EA5BDBA0-7417-4F58-ACF7-C323AFB6A75F}.Debug|Any CPU.Build.0 = Debug|Any CPU
		{EA5BDBA0-7417-4F58-ACF7-C323AFB6A75F}.Release|Any CPU.ActiveCfg = Release|Any CPU
		{EA5BDBA0-7417-4F58-ACF7-C323AFB6A75F}.Release|Any CPU.Build.0 = Release|Any CPU
		{161CB7B6-753B-4FCC-9795-1F2F093A5F76}.Debug|Any CPU.ActiveCfg = Debug|Any CPU
		{161CB7B6-753B-4FCC-9795-1F2F093A5F76}.Debug|Any CPU.Build.0 = Debug|Any CPU
		{161CB7B6-753B-4FCC-9795-1F2F093A5F76}.Release|Any CPU.ActiveCfg = Release|Any CPU
		{161CB7B6-753B-4FCC-9795-1F2F093A5F76}.Release|Any CPU.Build.0 = Release|Any CPU
		{51D1BD00-B1F5-4092-8A28-318723068BD2}.Debug|Any CPU.ActiveCfg = Debug|Any CPU
		{51D1BD00-B1F5-4092-8A28-318723068BD2}.Debug|Any CPU.Build.0 = Debug|Any CPU
		{51D1BD00-B1F5-4092-8A28-318723068BD2}.Release|Any CPU.ActiveCfg = Release|Any CPU
		{51D1BD00-B1F5-4092-8A28-318723068BD2}.Release|Any CPU.Build.0 = Release|Any CPU
		{E7F210FF-2852-4D2A-B7CC-34CB45E5A1D0}.Debug|Any CPU.ActiveCfg = Debug|Any CPU
		{E7F210FF-2852-4D2A-B7CC-34CB45E5A1D0}.Debug|Any CPU.Build.0 = Debug|Any CPU
		{E7F210FF-2852-4D2A-B7CC-34CB45E5A1D0}.Release|Any CPU.ActiveCfg = Release|Any CPU
		{E7F210FF-2852-4D2A-B7CC-34CB45E5A1D0}.Release|Any CPU.Build.0 = Release|Any CPU
		{F61ADFC7-41D9-45A8-AF21-C793479FE10B}.Debug|Any CPU.ActiveCfg = Debug|Any CPU
		{F61ADFC7-41D9-45A8-AF21-C793479FE10B}.Debug|Any CPU.Build.0 = Debug|Any CPU
		{F61ADFC7-41D9-45A8-AF21-C793479FE10B}.Release|Any CPU.ActiveCfg = Release|Any CPU
		{F61ADFC7-41D9-45A8-AF21-C793479FE10B}.Release|Any CPU.Build.0 = Release|Any CPU
		{05127BF3-BCD9-4180-B2BD-F23D0FC0911F}.Debug|Any CPU.ActiveCfg = Debug|Any CPU
		{05127BF3-BCD9-4180-B2BD-F23D0FC0911F}.Debug|Any CPU.Build.0 = Debug|Any CPU
		{05127BF3-BCD9-4180-B2BD-F23D0FC0911F}.Release|Any CPU.ActiveCfg = Release|Any CPU
		{05127BF3-BCD9-4180-B2BD-F23D0FC0911F}.Release|Any CPU.Build.0 = Release|Any CPU
	EndGlobalSection
	GlobalSection(SolutionProperties) = preSolution
		HideSolutionNode = FALSE
	EndGlobalSection
	GlobalSection(ExtensibilityGlobals) = postSolution
		SolutionGuid = {33367468-1E91-4B41-8C0A-590C7467C37D}
	EndGlobalSection
EndGlobal
