
Microsoft Visual Studio Solution File, Format Version 12.00
# Visual Studio Version 17
VisualStudioVersion = 17.14.36603.0 d17.14
MinimumVisualStudioVersion = 10.0.40219.1
Project("{FAE04EC0-301F-11D3-BF4B-00C04F79EFBC}") = "cwiczenia", "cwiczenia\cwiczenia.csproj", "{B5BD7CCA-946C-4B2B-B9E3-215C45FDFD66}"
EndProject
Project("{FAE04EC0-301F-11D3-BF4B-00C04F79EFBC}") = "Cw1.1", "Cw1.1\Cw1.1.csproj", "{9694C7BF-2A44-4081-ACF7-C3A60B017358}"
EndProject
Global
	GlobalSection(SolutionConfigurationPlatforms) = preSolution
		Debug|Any CPU = Debug|Any CPU
		Release|Any CPU = Release|Any CPU
	EndGlobalSection
	GlobalSection(ProjectConfigurationPlatforms) = postSolution
		{B5BD7CCA-946C-4B2B-B9E3-215C45FDFD66}.Debug|Any CPU.ActiveCfg = Debug|Any CPU
		{B5BD7CCA-946C-4B2B-B9E3-215C45FDFD66}.Debug|Any CPU.Build.0 = Debug|Any CPU
		{B5BD7CCA-946C-4B2B-B9E3-215C45FDFD66}.Release|Any CPU.ActiveCfg = Release|Any CPU
		{B5BD7CCA-946C-4B2B-B9E3-215C45FDFD66}.Release|Any CPU.Build.0 = Release|Any CPU
		{9694C7BF-2A44-4081-ACF7-C3A60B017358}.Debug|Any CPU.ActiveCfg = Debug|Any CPU
		{9694C7BF-2A44-4081-ACF7-C3A60B017358}.Debug|Any CPU.Build.0 = Debug|Any CPU
		{9694C7BF-2A44-4081-ACF7-C3A60B017358}.Release|Any CPU.ActiveCfg = Release|Any CPU
		{9694C7BF-2A44-4081-ACF7-C3A60B017358}.Release|Any CPU.Build.0 = Release|Any CPU
	EndGlobalSection
	GlobalSection(SolutionProperties) = preSolution
		HideSolutionNode = FALSE
	EndGlobalSection
	GlobalSection(ExtensibilityGlobals) = postSolution
		SolutionGuid = {33367468-1E91-4B41-8C0A-590C7467C37D}
	EndGlobalSection
EndGlobal
